
Microsoft Visual Studio Solution File, Format Version 12.00
# Visual Studio Version 16
VisualStudioVersion = 16.0.32002.261
MinimumVisualStudioVersion = 10.0.40219.1
Project("{9A19103F-16F7-4668-BE54-9A1E7A4F7556}") = "Module2HW2", "Module2HW2.csproj", "{4BA31BF8-F72C-44D4-A96A-5131F9B536AA}"
EndProject
Global
	GlobalSection(SolutionConfigurationPlatforms) = preSolution
		Debug|Any CPU = Debug|Any CPU
		Release|Any CPU = Release|Any CPU
	EndGlobalSection
	GlobalSection(ProjectConfigurationPlatforms) = postSolution
		{4BA31BF8-F72C-44D4-A96A-5131F9B536AA}.Debug|Any CPU.ActiveCfg = Debug|Any CPU
		{4BA31BF8-F72C-44D4-A96A-5131F9B536AA}.Debug|Any CPU.Build.0 = Debug|Any CPU
		{4BA31BF8-F72C-44D4-A96A-5131F9B536AA}.Release|Any CPU.ActiveCfg = Release|Any CPU
		{4BA31BF8-F72C-44D4-A96A-5131F9B536AA}.Release|Any CPU.Build.0 = Release|Any CPU
	EndGlobalSection
	GlobalSection(SolutionProperties) = preSolution
		HideSolutionNode = FALSE
	EndGlobalSection
	GlobalSection(ExtensibilityGlobals) = postSolution
		SolutionGuid = {888A7713-1D75-4A20-B07B-95C3B1903441}
	EndGlobalSection
EndGlobal
