
Microsoft Visual Studio Solution File, Format Version 12.00
# Visual Studio Version 16
VisualStudioVersion = 16.0.31911.196
MinimumVisualStudioVersion = 10.0.40219.1
Project("{FAE04EC0-301F-11D3-BF4B-00C04F79EFBC}") = "LSP", "LSP\LSP.csproj", "{6C310C92-9407-483F-AE14-03C994A2F499}"
EndProject
Global
	GlobalSection(SolutionConfigurationPlatforms) = preSolution
		Debug|Any CPU = Debug|Any CPU
		Release|Any CPU = Release|Any CPU
	EndGlobalSection
	GlobalSection(ProjectConfigurationPlatforms) = postSolution
		{6C310C92-9407-483F-AE14-03C994A2F499}.Debug|Any CPU.ActiveCfg = Debug|Any CPU
		{6C310C92-9407-483F-AE14-03C994A2F499}.Debug|Any CPU.Build.0 = Debug|Any CPU
		{6C310C92-9407-483F-AE14-03C994A2F499}.Release|Any CPU.ActiveCfg = Release|Any CPU
		{6C310C92-9407-483F-AE14-03C994A2F499}.Release|Any CPU.Build.0 = Release|Any CPU
	EndGlobalSection
	GlobalSection(SolutionProperties) = preSolution
		HideSolutionNode = FALSE
	EndGlobalSection
	GlobalSection(ExtensibilityGlobals) = postSolution
		SolutionGuid = {4F1DD154-E541-409D-925C-61E5B6E0EE95}
	EndGlobalSection
EndGlobal
